{
  "nodes": {
    "flakeNimbleLib": {
      "inputs": {
        "nixpkgs": [
          "nixpkgs"
        ]
      },
      "locked": {
        "lastModified": 1662018438,
        "narHash": "sha256-QtNtU6+LX3Wokxf0zlFwKTFOcn6TeDjKQZ+DA9OYtvM=",
        "owner": "riinr",
        "repo": "nim-flakes-lib",
        "rev": "b1fe8340736e3a85d25c709ac3dfd82a55c03cbf",
        "type": "github"
      },
      "original": {
        "owner": "riinr",
        "ref": "master",
        "repo": "nim-flakes-lib",
        "type": "github"
      }
    },
    "nixpkgs": {
      "locked": {
        "lastModified": 1667110639,
        "narHash": "sha256-4FbPESZ5LbqQxkJJJBAfk/zKgF9h/4kyUwjjpJwYlbc=",
        "owner": "NixOS",
        "repo": "nixpkgs",
        "rev": "f38a1f04d1bec1feb61fd101a0539ae2002a7087",
        "type": "github"
      },
      "original": {
        "id": "nixpkgs",
        "type": "indirect"
      }
    },
    "root": {
      "inputs": {
        "flakeNimbleLib": "flakeNimbleLib",
        "nixpkgs": "nixpkgs",
        "webrtcvad-master": "webrtcvad-master"
      }
    },
    "src-webrtcvad-master": {
      "flake": false,
      "locked": {
        "lastModified": 1590880145,
        "narHash": "sha256-nDlQl0nzcslOTKvB4P4tPzb8cd/H8E36uz6hX8uRXZU=",
        "owner": "eagledot",
        "repo": "nim-webrtcvad",
        "rev": "fc4d79f0887e4244ef6f90bd816641fcb9f7a024",
        "type": "gitlab"
      },
      "original": {
        "owner": "eagledot",
        "ref": "refs/heads/master",
        "repo": "nim-webrtcvad",
        "type": "gitlab"
      }
    },
    "webrtcvad-master": {
      "inputs": {
        "flakeNimbleLib": [
          "flakeNimbleLib"
        ],
        "nixpkgs": [
          "nixpkgs"
        ],
        "src-webrtcvad-master": "src-webrtcvad-master"
      },
      "locked": {
        "dir": "master",
        "lastModified": 1662254934,
        "narHash": "sha256-5UlS8i3wOkOqfqBQYj01UfCYAFpTEUw0XG/YAoHSzEo=",
        "owner": "nim-nix-pkgs",
        "repo": "webrtcvad",
        "rev": "fe70ec55c365cde883d250ac3449edd68e6701cc",
        "type": "github"
      },
      "original": {
        "dir": "master",
        "owner": "nim-nix-pkgs",
        "ref": "master",
        "repo": "webrtcvad",
        "type": "github"
      }
    }
  },
  "root": "root",
  "version": 7
}
